// !$*UTF8*$!
{
	archiveVersion = 1;
	classes = {
	};
	objectVersion = 48;
	objects = {

/* Begin PBXBuildFile section */
		B55730242014762A0069B894 /* Locking.framework in Frameworks */ = {isa = PBXBuildFile; fileRef = B557301A2014762A0069B894 /* Locking.framework */; };
		B55730292014762A0069B894 /* LockingTests.swift in Sources */ = {isa = PBXBuildFile; fileRef = B55730282014762A0069B894 /* LockingTests.swift */; };
		B557302B2014762A0069B894 /* Locking.h in Headers */ = {isa = PBXBuildFile; fileRef = B557301D2014762A0069B894 /* Locking.h */; settings = {ATTRIBUTES = (Public, ); }; };
		B5573035201476410069B894 /* Locking.swift in Sources */ = {isa = PBXBuildFile; fileRef = B5573034201476410069B894 /* Locking.swift */; };
		B5573037201476670069B894 /* Locking+Operators.swift in Sources */ = {isa = PBXBuildFile; fileRef = B5573036201476670069B894 /* Locking+Operators.swift */; };
		B5573039201484710069B894 /* LockingTest+Operators.swift in Sources */ = {isa = PBXBuildFile; fileRef = B5573038201484710069B894 /* LockingTest+Operators.swift */; };
/* End PBXBuildFile section */

/* Begin PBXContainerItemProxy section */
		B55730252014762A0069B894 /* PBXContainerItemProxy */ = {
			isa = PBXContainerItemProxy;
			containerPortal = B55730112014762A0069B894 /* Project object */;
			proxyType = 1;
			remoteGlobalIDString = B55730192014762A0069B894;
			remoteInfo = Locking;
		};
/* End PBXContainerItemProxy section */

/* Begin PBXFileReference section */
		B557301A2014762A0069B894 /* Locking.framework */ = {isa = PBXFileReference; explicitFileType = wrapper.framework; includeInIndex = 0; path = Locking.framework; sourceTree = BUILT_PRODUCTS_DIR; };
		B557301D2014762A0069B894 /* Locking.h */ = {isa = PBXFileReference; lastKnownFileType = sourcecode.c.h; path = Locking.h; sourceTree = "<group>"; };
		B557301E2014762A0069B894 /* Info.plist */ = {isa = PBXFileReference; lastKnownFileType = text.plist.xml; path = Info.plist; sourceTree = "<group>"; };
		B55730232014762A0069B894 /* LockingTests.xctest */ = {isa = PBXFileReference; explicitFileType = wrapper.cfbundle; includeInIndex = 0; path = LockingTests.xctest; sourceTree = BUILT_PRODUCTS_DIR; };
		B55730282014762A0069B894 /* LockingTests.swift */ = {isa = PBXFileReference; lastKnownFileType = sourcecode.swift; path = LockingTests.swift; sourceTree = "<group>"; };
		B557302A2014762A0069B894 /* Info.plist */ = {isa = PBXFileReference; lastKnownFileType = text.plist.xml; path = Info.plist; sourceTree = "<group>"; };
		B5573034201476410069B894 /* Locking.swift */ = {isa = PBXFileReference; lastKnownFileType = sourcecode.swift; path = Locking.swift; sourceTree = "<group>"; };
		B5573036201476670069B894 /* Locking+Operators.swift */ = {isa = PBXFileReference; lastKnownFileType = sourcecode.swift; path = "Locking+Operators.swift"; sourceTree = "<group>"; };
		B5573038201484710069B894 /* LockingTest+Operators.swift */ = {isa = PBXFileReference; lastKnownFileType = sourcecode.swift; path = "LockingTest+Operators.swift"; sourceTree = "<group>"; };
/* End PBXFileReference section */

/* Begin PBXFrameworksBuildPhase section */
		B55730162014762A0069B894 /* Frameworks */ = {
			isa = PBXFrameworksBuildPhase;
			buildActionMask = 2147483647;
			files = (
			);
			runOnlyForDeploymentPostprocessing = 0;
		};
		B55730202014762A0069B894 /* Frameworks */ = {
			isa = PBXFrameworksBuildPhase;
			buildActionMask = 2147483647;
			files = (
				B55730242014762A0069B894 /* Locking.framework in Frameworks */,
			);
			runOnlyForDeploymentPostprocessing = 0;
		};
/* End PBXFrameworksBuildPhase section */

/* Begin PBXGroup section */
		B55730102014762A0069B894 = {
			isa = PBXGroup;
			children = (
				B557301C2014762A0069B894 /* Locking */,
				B55730272014762A0069B894 /* LockingTests */,
				B557301B2014762A0069B894 /* Products */,
			);
			sourceTree = "<group>";
		};
		B557301B2014762A0069B894 /* Products */ = {
			isa = PBXGroup;
			children = (
				B557301A2014762A0069B894 /* Locking.framework */,
				B55730232014762A0069B894 /* LockingTests.xctest */,
			);
			name = Products;
			sourceTree = "<group>";
		};
		B557301C2014762A0069B894 /* Locking */ = {
			isa = PBXGroup;
			children = (
				B557301D2014762A0069B894 /* Locking.h */,
				B5573034201476410069B894 /* Locking.swift */,
				B5573036201476670069B894 /* Locking+Operators.swift */,
				B557301E2014762A0069B894 /* Info.plist */,
			);
			path = Locking;
			sourceTree = "<group>";
		};
		B55730272014762A0069B894 /* LockingTests */ = {
			isa = PBXGroup;
			children = (
				B55730282014762A0069B894 /* LockingTests.swift */,
				B5573038201484710069B894 /* LockingTest+Operators.swift */,
				B557302A2014762A0069B894 /* Info.plist */,
			);
			path = LockingTests;
			sourceTree = "<group>";
		};
/* End PBXGroup section */

/* Begin PBXHeadersBuildPhase section */
		B55730172014762A0069B894 /* Headers */ = {
			isa = PBXHeadersBuildPhase;
			buildActionMask = 2147483647;
			files = (
				B557302B2014762A0069B894 /* Locking.h in Headers */,
			);
			runOnlyForDeploymentPostprocessing = 0;
		};
/* End PBXHeadersBuildPhase section */

/* Begin PBXNativeTarget section */
		B55730192014762A0069B894 /* Locking */ = {
			isa = PBXNativeTarget;
			buildConfigurationList = B557302E2014762A0069B894 /* Build configuration list for PBXNativeTarget "Locking" */;
			buildPhases = (
				B55730152014762A0069B894 /* Sources */,
				B55730162014762A0069B894 /* Frameworks */,
				B55730172014762A0069B894 /* Headers */,
				B55730182014762A0069B894 /* Resources */,
			);
			buildRules = (
			);
			dependencies = (
			);
			name = Locking;
			productName = Locking;
			productReference = B557301A2014762A0069B894 /* Locking.framework */;
			productType = "com.apple.product-type.framework";
		};
		B55730222014762A0069B894 /* LockingTests */ = {
			isa = PBXNativeTarget;
			buildConfigurationList = B55730312014762A0069B894 /* Build configuration list for PBXNativeTarget "LockingTests" */;
			buildPhases = (
				B557301F2014762A0069B894 /* Sources */,
				B55730202014762A0069B894 /* Frameworks */,
				B55730212014762A0069B894 /* Resources */,
			);
			buildRules = (
			);
			dependencies = (
				B55730262014762A0069B894 /* PBXTargetDependency */,
			);
			name = LockingTests;
			productName = LockingTests;
			productReference = B55730232014762A0069B894 /* LockingTests.xctest */;
			productType = "com.apple.product-type.bundle.unit-test";
		};
/* End PBXNativeTarget section */

/* Begin PBXProject section */
		B55730112014762A0069B894 /* Project object */ = {
			isa = PBXProject;
			attributes = {
				LastSwiftUpdateCheck = 0920;
				LastUpgradeCheck = 0920;
				ORGANIZATIONNAME = "Benjamin C Morrison";
				TargetAttributes = {
					B55730192014762A0069B894 = {
						CreatedOnToolsVersion = 9.2;
						LastSwiftMigration = 0920;
						ProvisioningStyle = Automatic;
					};
					B55730222014762A0069B894 = {
						CreatedOnToolsVersion = 9.2;
						ProvisioningStyle = Automatic;
					};
				};
			};
			buildConfigurationList = B55730142014762A0069B894 /* Build configuration list for PBXProject "Locking" */;
			compatibilityVersion = "Xcode 8.0";
			developmentRegion = en;
			hasScannedForEncodings = 0;
			knownRegions = (
				en,
			);
			mainGroup = B55730102014762A0069B894;
			productRefGroup = B557301B2014762A0069B894 /* Products */;
			projectDirPath = "";
			projectRoot = "";
			targets = (
				B55730192014762A0069B894 /* Locking */,
				B55730222014762A0069B894 /* LockingTests */,
			);
		};
/* End PBXProject section */

/* Begin PBXResourcesBuildPhase section */
		B55730182014762A0069B894 /* Resources */ = {
			isa = PBXResourcesBuildPhase;
			buildActionMask = 2147483647;
			files = (
			);
			runOnlyForDeploymentPostprocessing = 0;
		};
		B55730212014762A0069B894 /* Resources */ = {
			isa = PBXResourcesBuildPhase;
			buildActionMask = 2147483647;
			files = (
			);
			runOnlyForDeploymentPostprocessing = 0;
		};
/* End PBXResourcesBuildPhase section */

/* Begin PBXSourcesBuildPhase section */
		B55730152014762A0069B894 /* Sources */ = {
			isa = PBXSourcesBuildPhase;
			buildActionMask = 2147483647;
			files = (
				B5573035201476410069B894 /* Locking.swift in Sources */,
				B5573037201476670069B894 /* Locking+Operators.swift in Sources */,
			);
			runOnlyForDeploymentPostprocessing = 0;
		};
		B557301F2014762A0069B894 /* Sources */ = {
			isa = PBXSourcesBuildPhase;
			buildActionMask = 2147483647;
			files = (
				B55730292014762A0069B894 /* LockingTests.swift in Sources */,
				B5573039201484710069B894 /* LockingTest+Operators.swift in Sources */,
			);
			runOnlyForDeploymentPostprocessing = 0;
		};
/* End PBXSourcesBuildPhase section */

/* Begin PBXTargetDependency section */
		B55730262014762A0069B894 /* PBXTargetDependency */ = {
			isa = PBXTargetDependency;
			target = B55730192014762A0069B894 /* Locking */;
			targetProxy = B55730252014762A0069B894 /* PBXContainerItemProxy */;
		};
/* End PBXTargetDependency section */

/* Begin XCBuildConfiguration section */
		B557302C2014762A0069B894 /* Debug */ = {
			isa = XCBuildConfiguration;
			buildSettings = {
				ALWAYS_SEARCH_USER_PATHS = NO;
				CLANG_ANALYZER_NONNULL = YES;
				CLANG_ANALYZER_NUMBER_OBJECT_CONVERSION = YES_AGGRESSIVE;
				CLANG_CXX_LANGUAGE_STANDARD = "gnu++14";
				CLANG_CXX_LIBRARY = "libc++";
				CLANG_ENABLE_MODULES = YES;
				CLANG_ENABLE_OBJC_ARC = YES;
				CLANG_WARN_BLOCK_CAPTURE_AUTORELEASING = YES;
				CLANG_WARN_BOOL_CONVERSION = YES;
				CLANG_WARN_COMMA = YES;
				CLANG_WARN_CONSTANT_CONVERSION = YES;
				CLANG_WARN_DIRECT_OBJC_ISA_USAGE = YES_ERROR;
				CLANG_WARN_DOCUMENTATION_COMMENTS = YES;
				CLANG_WARN_EMPTY_BODY = YES;
				CLANG_WARN_ENUM_CONVERSION = YES;
				CLANG_WARN_INFINITE_RECURSION = YES;
				CLANG_WARN_INT_CONVERSION = YES;
				CLANG_WARN_NON_LITERAL_NULL_CONVERSION = YES;
				CLANG_WARN_OBJC_LITERAL_CONVERSION = YES;
				CLANG_WARN_OBJC_ROOT_CLASS = YES_ERROR;
				CLANG_WARN_RANGE_LOOP_ANALYSIS = YES;
				CLANG_WARN_STRICT_PROTOTYPES = YES;
				CLANG_WARN_SUSPICIOUS_MOVE = YES;
				CLANG_WARN_UNGUARDED_AVAILABILITY = YES_AGGRESSIVE;
				CLANG_WARN_UNREACHABLE_CODE = YES;
				CLANG_WARN__DUPLICATE_METHOD_MATCH = YES;
				CODE_SIGN_IDENTITY = "iPhone Developer";
				COPY_PHASE_STRIP = NO;
				CURRENT_PROJECT_VERSION = 1;
				DEBUG_INFORMATION_FORMAT = dwarf;
				ENABLE_STRICT_OBJC_MSGSEND = YES;
				ENABLE_TESTABILITY = YES;
				GCC_C_LANGUAGE_STANDARD = gnu11;
				GCC_DYNAMIC_NO_PIC = NO;
				GCC_NO_COMMON_BLOCKS = YES;
				GCC_OPTIMIZATION_LEVEL = 0;
				GCC_PREPROCESSOR_DEFINITIONS = (
					"DEBUG=1",
					"$(inherited)",
				);
				GCC_WARN_64_TO_32_BIT_CONVERSION = YES;
				GCC_WARN_ABOUT_RETURN_TYPE = YES_ERROR;
				GCC_WARN_UNDECLARED_SELECTOR = YES;
				GCC_WARN_UNINITIALIZED_AUTOS = YES_AGGRESSIVE;
				GCC_WARN_UNUSED_FUNCTION = YES;
				GCC_WARN_UNUSED_VARIABLE = YES;
				IPHONEOS_DEPLOYMENT_TARGET = 11.2;
				MTL_ENABLE_DEBUG_INFO = YES;
				ONLY_ACTIVE_ARCH = YES;
				SDKROOT = iphoneos;
				SWIFT_ACTIVE_COMPILATION_CONDITIONS = DEBUG;
				SWIFT_OPTIMIZATION_LEVEL = "-Onone";
				VERSIONING_SYSTEM = "apple-generic";
				VERSION_INFO_PREFIX = "";
			};
			name = Debug;
		};
		B557302D2014762A0069B894 /* Release */ = {
			isa = XCBuildConfiguration;
			buildSettings = {
				ALWAYS_SEARCH_USER_PATHS = NO;
				CLANG_ANALYZER_NONNULL = YES;
				CLANG_ANALYZER_NUMBER_OBJECT_CONVERSION = YES_AGGRESSIVE;
				CLANG_CXX_LANGUAGE_STANDARD = "gnu++14";
				CLANG_CXX_LIBRARY = "libc++";
				CLANG_ENABLE_MODULES = YES;
				CLANG_ENABLE_OBJC_ARC = YES;
				CLANG_WARN_BLOCK_CAPTURE_AUTORELEASING = YES;
				CLANG_WARN_BOOL_CONVERSION = YES;
				CLANG_WARN_COMMA = YES;
				CLANG_WARN_CONSTANT_CONVERSION = YES;
				CLANG_WARN_DIRECT_OBJC_ISA_USAGE = YES_ERROR;
				CLANG_WARN_DOCUMENTATION_COMMENTS = YES;
				CLANG_WARN_EMPTY_BODY = YES;
				CLANG_WARN_ENUM_CONVERSION = YES;
				CLANG_WARN_INFINITE_RECURSION = YES;
				CLANG_WARN_INT_CONVERSION = YES;
				CLANG_WARN_NON_LITERAL_NULL_CONVERSION = YES;
				CLANG_WARN_OBJC_LITERAL_CONVERSION = YES;
				CLANG_WARN_OBJC_ROOT_CLASS = YES_ERROR;
				CLANG_WARN_RANGE_LOOP_ANALYSIS = YES;
				CLANG_WARN_STRICT_PROTOTYPES = YES;
				CLANG_WARN_SUSPICIOUS_MOVE = YES;
				CLANG_WARN_UNGUARDED_AVAILABILITY = YES_AGGRESSIVE;
				CLANG_WARN_UNREACHABLE_CODE = YES;
				CLANG_WARN__DUPLICATE_METHOD_MATCH = YES;
				CODE_SIGN_IDENTITY = "iPhone Developer";
				COPY_PHASE_STRIP = NO;
				CURRENT_PROJECT_VERSION = 1;
				DEBUG_INFORMATION_FORMAT = "dwarf-with-dsym";
				ENABLE_NS_ASSERTIONS = NO;
				ENABLE_STRICT_OBJC_MSGSEND = YES;
				GCC_C_LANGUAGE_STANDARD = gnu11;
				GCC_NO_COMMON_BLOCKS = YES;
				GCC_WARN_64_TO_32_BIT_CONVERSION = YES;
				GCC_WARN_ABOUT_RETURN_TYPE = YES_ERROR;
				GCC_WARN_UNDECLARED_SELECTOR = YES;
				GCC_WARN_UNINITIALIZED_AUTOS = YES_AGGRESSIVE;
				GCC_WARN_UNUSED_FUNCTION = YES;
				GCC_WARN_UNUSED_VARIABLE = YES;
				IPHONEOS_DEPLOYMENT_TARGET = 11.2;
				MTL_ENABLE_DEBUG_INFO = NO;
				SDKROOT = iphoneos;
				SWIFT_OPTIMIZATION_LEVEL = "-Owholemodule";
				VALIDATE_PRODUCT = YES;
				VERSIONING_SYSTEM = "apple-generic";
				VERSION_INFO_PREFIX = "";
			};
			name = Release;
		};
		B557302F2014762A0069B894 /* Debug */ = {
			isa = XCBuildConfiguration;
			buildSettings = {
				CLANG_ENABLE_MODULES = YES;
				CODE_SIGN_IDENTITY = "";
				CODE_SIGN_STYLE = Automatic;
				DEFINES_MODULE = YES;
				DEVELOPMENT_TEAM = 4B35ZUZXEQ;
				DYLIB_COMPATIBILITY_VERSION = 1;
				DYLIB_CURRENT_VERSION = 1;
				DYLIB_INSTALL_NAME_BASE = "@rpath";
				INFOPLIST_FILE = Locking/Info.plist;
				INSTALL_PATH = "$(LOCAL_LIBRARY_DIR)/Frameworks";
				LD_RUNPATH_SEARCH_PATHS = "$(inherited) @executable_path/Frameworks @loader_path/Frameworks";
				PRODUCT_BUNDLE_IDENTIFIER = com.bencmorrison.Locking;
				PRODUCT_NAME = "$(TARGET_NAME:c99extidentifier)";
				SKIP_INSTALL = YES;
				SWIFT_OPTIMIZATION_LEVEL = "-Onone";
				SWIFT_VERSION = 4.0;
				TARGETED_DEVICE_FAMILY = "1,2";
			};
			name = Debug;
		};
		B55730302014762A0069B894 /* Release */ = {
			isa = XCBuildConfiguration;
			buildSettings = {
				CLANG_ENABLE_MODULES = YES;
				CODE_SIGN_IDENTITY = "";
				CODE_SIGN_STYLE = Automatic;
				DEFINES_MODULE = YES;
				DEVELOPMENT_TEAM = 4B35ZUZXEQ;
				DYLIB_COMPATIBILITY_VERSION = 1;
				DYLIB_CURRENT_VERSION = 1;
				DYLIB_INSTALL_NAME_BASE = "@rpath";
				INFOPLIST_FILE = Locking/Info.plist;
				INSTALL_PATH = "$(LOCAL_LIBRARY_DIR)/Frameworks";
				LD_RUNPATH_SEARCH_PATHS = "$(inherited) @executable_path/Frameworks @loader_path/Frameworks";
				PRODUCT_BUNDLE_IDENTIFIER = com.bencmorrison.Locking;
				PRODUCT_NAME = "$(TARGET_NAME:c99extidentifier)";
				SKIP_INSTALL = YES;
				SWIFT_VERSION = 4.0;
				TARGETED_DEVICE_FAMILY = "1,2";
			};
			name = Release;
		};
		B55730322014762A0069B894 /* Debug */ = {
			isa = XCBuildConfiguration;
			buildSettings = {
				ALWAYS_EMBED_SWIFT_STANDARD_LIBRARIES = YES;
				CODE_SIGN_STYLE = Automatic;
				DEVELOPMENT_TEAM = 4B35ZUZXEQ;
				INFOPLIST_FILE = LockingTests/Info.plist;
				LD_RUNPATH_SEARCH_PATHS = "$(inherited) @executable_path/Frameworks @loader_path/Frameworks";
				PRODUCT_BUNDLE_IDENTIFIER = com.bencmorrison.LockingTests;
				PRODUCT_NAME = "$(TARGET_NAME)";
				SWIFT_VERSION = 4.0;
				TARGETED_DEVICE_FAMILY = "1,2";
			};
			name = Debug;
		};
		B55730332014762A0069B894 /* Release */ = {
			isa = XCBuildConfiguration;
			buildSettings = {
				ALWAYS_EMBED_SWIFT_STANDARD_LIBRARIES = YES;
				CODE_SIGN_STYLE = Automatic;
				DEVELOPMENT_TEAM = 4B35ZUZXEQ;
				INFOPLIST_FILE = LockingTests/Info.plist;
				LD_RUNPATH_SEARCH_PATHS = "$(inherited) @executable_path/Frameworks @loader_path/Frameworks";
				PRODUCT_BUNDLE_IDENTIFIER = com.bencmorrison.LockingTests;
				PRODUCT_NAME = "$(TARGET_NAME)";
				SWIFT_VERSION = 4.0;
				TARGETED_DEVICE_FAMILY = "1,2";
			};
			name = Release;
		};
/* End XCBuildConfiguration section */

/* Begin XCConfigurationList section */
		B55730142014762A0069B894 /* Build configuration list for PBXProject "Locking" */ = {
			isa = XCConfigurationList;
			buildConfigurations = (
				B557302C2014762A0069B894 /* Debug */,
				B557302D2014762A0069B894 /* Release */,
			);
			defaultConfigurationIsVisible = 0;
			defaultConfigurationName = Release;
		};
		B557302E2014762A0069B894 /* Build configuration list for PBXNativeTarget "Locking" */ = {
			isa = XCConfigurationList;
			buildConfigurations = (
				B557302F2014762A0069B894 /* Debug */,
				B55730302014762A0069B894 /* Release */,
			);
			defaultConfigurationIsVisible = 0;
			defaultConfigurationName = Release;
		};
		B55730312014762A0069B894 /* Build configuration list for PBXNativeTarget "LockingTests" */ = {
			isa = XCConfigurationList;
			buildConfigurations = (
				B55730322014762A0069B894 /* Debug */,
				B55730332014762A0069B894 /* Release */,
			);
			defaultConfigurationIsVisible = 0;
			defaultConfigurationName = Release;
		};
/* End XCConfigurationList section */
	};
	rootObject = B55730112014762A0069B894 /* Project object */;
}
